
Microsoft Visual Studio Solution File, Format Version 12.00
# Visual Studio Version 16
VisualStudioVersion = 16.0.29613.14
MinimumVisualStudioVersion = 10.0.40219.1
Project("{FAE04EC0-301F-11D3-BF4B-00C04F79EFBC}") = "MarianaoWarsConsole", "MarianaoWarsConsole\MarianaoWarsConsole.csproj", "{83CC55DD-6C9C-44D3-94CB-C7C60211E1DE}"
EndProject
Global
	GlobalSection(SolutionConfigurationPlatforms) = preSolution
		Debug|Any CPU = Debug|Any CPU
		Release|Any CPU = Release|Any CPU
	EndGlobalSection
	GlobalSection(ProjectConfigurationPlatforms) = postSolution
		{83CC55DD-6C9C-44D3-94CB-C7C60211E1DE}.Debug|Any CPU.ActiveCfg = Debug|Any CPU
		{83CC55DD-6C9C-44D3-94CB-C7C60211E1DE}.Debug|Any CPU.Build.0 = Debug|Any CPU
		{83CC55DD-6C9C-44D3-94CB-C7C60211E1DE}.Release|Any CPU.ActiveCfg = Release|Any CPU
		{83CC55DD-6C9C-44D3-94CB-C7C60211E1DE}.Release|Any CPU.Build.0 = Release|Any CPU
	EndGlobalSection
	GlobalSection(SolutionProperties) = preSolution
		HideSolutionNode = FALSE
	EndGlobalSection
	GlobalSection(ExtensibilityGlobals) = postSolution
		SolutionGuid = {3F934894-32A2-456F-AF95-69EB41477CC1}
	EndGlobalSection
EndGlobal
